// !$*UTF8*$!
{
	archiveVersion = 1;
	classes = {
	};
	objectVersion = 50;
	objects = {

/* Begin PBXBuildFile section */
		585A403E219FE7E500F0B60C /* AppDelegate.m in Sources */ = {isa = PBXBuildFile; fileRef = 585A403D219FE7E500F0B60C /* AppDelegate.m */; };
		585A4041219FE7E500F0B60C /* ViewController.m in Sources */ = {isa = PBXBuildFile; fileRef = 585A4040219FE7E500F0B60C /* ViewController.m */; };
		585A4044219FE7E500F0B60C /* Main.storyboard in Resources */ = {isa = PBXBuildFile; fileRef = 585A4042219FE7E500F0B60C /* Main.storyboard */; };
		585A4046219FE7E600F0B60C /* Assets.xcassets in Resources */ = {isa = PBXBuildFile; fileRef = 585A4045219FE7E600F0B60C /* Assets.xcassets */; };
		585A4049219FE7E600F0B60C /* LaunchScreen.storyboard in Resources */ = {isa = PBXBuildFile; fileRef = 585A4047219FE7E600F0B60C /* LaunchScreen.storyboard */; };
		585A404C219FE7E600F0B60C /* main.m in Sources */ = {isa = PBXBuildFile; fileRef = 585A404B219FE7E600F0B60C /* main.m */; };
/* End PBXBuildFile section */

/* Begin PBXFileReference section */
		585A4039219FE7E500F0B60C /* SZCoordinatorDemo.app */ = {isa = PBXFileReference; explicitFileType = wrapper.application; includeInIndex = 0; path = SZCoordinatorDemo.app; sourceTree = BUILT_PRODUCTS_DIR; };
		585A403C219FE7E500F0B60C /* AppDelegate.h */ = {isa = PBXFileReference; lastKnownFileType = sourcecode.c.h; path = AppDelegate.h; sourceTree = "<group>"; };
		585A403D219FE7E500F0B60C /* AppDelegate.m */ = {isa = PBXFileReference; lastKnownFileType = sourcecode.c.objc; path = AppDelegate.m; sourceTree = "<group>"; };
		585A403F219FE7E500F0B60C /* ViewController.h */ = {isa = PBXFileReference; lastKnownFileType = sourcecode.c.h; path = ViewController.h; sourceTree = "<group>"; };
		585A4040219FE7E500F0B60C /* ViewController.m */ = {isa = PBXFileReference; lastKnownFileType = sourcecode.c.objc; path = ViewController.m; sourceTree = "<group>"; };
		585A4043219FE7E500F0B60C /* Base */ = {isa = PBXFileReference; lastKnownFileType = file.storyboard; name = Base; path = Base.lproj/Main.storyboard; sourceTree = "<group>"; };
		585A4045219FE7E600F0B60C /* Assets.xcassets */ = {isa = PBXFileReference; lastKnownFileType = folder.assetcatalog; path = Assets.xcassets; sourceTree = "<group>"; };
		585A4048219FE7E600F0B60C /* Base */ = {isa = PBXFileReference; lastKnownFileType = file.storyboard; name = Base; path = Base.lproj/LaunchScreen.storyboard; sourceTree = "<group>"; };
		585A404A219FE7E600F0B60C /* Info.plist */ = {isa = PBXFileReference; lastKnownFileType = text.plist.xml; path = Info.plist; sourceTree = "<group>"; };
		585A404B219FE7E600F0B60C /* main.m */ = {isa = PBXFileReference; lastKnownFileType = sourcecode.c.objc; path = main.m; sourceTree = "<group>"; };
/* End PBXFileReference section */

/* Begin PBXFrameworksBuildPhase section */
		585A4036219FE7E500F0B60C /* Frameworks */ = {
			isa = PBXFrameworksBuildPhase;
			buildActionMask = 2147483647;
			files = (
			);
			runOnlyForDeploymentPostprocessing = 0;
		};
/* End PBXFrameworksBuildPhase section */

/* Begin PBXGroup section */
		585A4030219FE7E500F0B60C = {
			isa = PBXGroup;
			children = (
				585A403B219FE7E500F0B60C /* SZCoordinatorDemo */,
				585A403A219FE7E500F0B60C /* Products */,
			);
			sourceTree = "<group>";
		};
		585A403A219FE7E500F0B60C /* Products */ = {
			isa = PBXGroup;
			children = (
				585A4039219FE7E500F0B60C /* SZCoordinatorDemo.app */,
			);
			name = Products;
			sourceTree = "<group>";
		};
		585A403B219FE7E500F0B60C /* SZCoordinatorDemo */ = {
			isa = PBXGroup;
			children = (
				585A403C219FE7E500F0B60C /* AppDelegate.h */,
				585A403D219FE7E500F0B60C /* AppDelegate.m */,
				585A403F219FE7E500F0B60C /* ViewController.h */,
				585A4040219FE7E500F0B60C /* ViewController.m */,
				585A4042219FE7E500F0B60C /* Main.storyboard */,
				585A4045219FE7E600F0B60C /* Assets.xcassets */,
				585A4047219FE7E600F0B60C /* LaunchScreen.storyboard */,
				585A404A219FE7E600F0B60C /* Info.plist */,
				585A404B219FE7E600F0B60C /* main.m */,
			);
			path = SZCoordinatorDemo;
			sourceTree = "<group>";
		};
/* End PBXGroup section */

/* Begin PBXNativeTarget section */
		585A4038219FE7E500F0B60C /* SZCoordinatorDemo */ = {
			isa = PBXNativeTarget;
			buildConfigurationList = 585A404F219FE7E600F0B60C /* Build configuration list for PBXNativeTarget "SZCoordinatorDemo" */;
			buildPhases = (
				585A4035219FE7E500F0B60C /* Sources */,
				585A4036219FE7E500F0B60C /* Frameworks */,
				585A4037219FE7E500F0B60C /* Resources */,
			);
			buildRules = (
			);
			dependencies = (
			);
			name = SZCoordinatorDemo;
			productName = SZCoordinatorDemo;
			productReference = 585A4039219FE7E500F0B60C /* SZCoordinatorDemo.app */;
			productType = "com.apple.product-type.application";
		};
/* End PBXNativeTarget section */

/* Begin PBXProject section */
		585A4031219FE7E500F0B60C /* Project object */ = {
			isa = PBXProject;
			attributes = {
				LastUpgradeCheck = 1010;
				ORGANIZATIONNAME = songzhou;
				TargetAttributes = {
					585A4038219FE7E500F0B60C = {
						CreatedOnToolsVersion = 10.1;
					};
				};
			};
			buildConfigurationList = 585A4034219FE7E500F0B60C /* Build configuration list for PBXProject "SZCoordinatorDemo" */;
			compatibilityVersion = "Xcode 9.3";
			developmentRegion = en;
			hasScannedForEncodings = 0;
			knownRegions = (
				en,
				Base,
			);
			mainGroup = 585A4030219FE7E500F0B60C;
			productRefGroup = 585A403A219FE7E500F0B60C /* Products */;
			projectDirPath = "";
			projectRoot = "";
			targets = (
				585A4038219FE7E500F0B60C /* SZCoordinatorDemo */,
			);
		};
/* End PBXProject section */

/* Begin PBXResourcesBuildPhase section */
		585A4037219FE7E500F0B60C /* Resources */ = {
			isa = PBXResourcesBuildPhase;
			buildActionMask = 2147483647;
			files = (
				585A4049219FE7E600F0B60C /* LaunchScreen.storyboard in Resources */,
				585A4046219FE7E600F0B60C /* Assets.xcassets in Resources */,
				585A4044219FE7E500F0B60C /* Main.storyboard in Resources */,
			);
			runOnlyForDeploymentPostprocessing = 0;
		};
/* End PBXResourcesBuildPhase section */

/* Begin PBXSourcesBuildPhase section */
		585A4035219FE7E500F0B60C /* Sources */ = {
			isa = PBXSourcesBuildPhase;
			buildActionMask = 2147483647;
			files = (
				585A4041219FE7E500F0B60C /* ViewController.m in Sources */,
				585A404C219FE7E600F0B60C /* main.m in Sources */,
				585A403E219FE7E500F0B60C /* AppDelegate.m in Sources */,
			);
			runOnlyForDeploymentPostprocessing = 0;
		};
/* End PBXSourcesBuildPhase section */

/* Begin PBXVariantGroup section */
		585A4042219FE7E500F0B60C /* Main.storyboard */ = {
			isa = PBXVariantGroup;
			children = (
				585A4043219FE7E500F0B60C /* Base */,
			);
			name = Main.storyboard;
			sourceTree = "<group>";
		};
		585A4047219FE7E600F0B60C /* LaunchScreen.storyboard */ = {
			isa = PBXVariantGroup;
			children = (
				585A4048219FE7E600F0B60C /* Base */,
			);
			name = LaunchScreen.storyboard;
			sourceTree = "<group>";
		};
/* End PBXVariantGroup section */

/* Begin XCBuildConfiguration section */
		585A404D219FE7E600F0B60C /* Debug */ = {
			isa = XCBuildConfiguration;
			buildSettings = {
				ALWAYS_SEARCH_USER_PATHS = NO;
				CLANG_ANALYZER_NONNULL = YES;
				CLANG_ANALYZER_NUMBER_OBJECT_CONVERSION = YES_AGGRESSIVE;
				CLANG_CXX_LANGUAGE_STANDARD = "gnu++14";
				CLANG_CXX_LIBRARY = "libc++";
				CLANG_ENABLE_MODULES = YES;
				CLANG_ENABLE_OBJC_ARC = YES;
				CLANG_ENABLE_OBJC_WEAK = YES;
				CLANG_WARN_BLOCK_CAPTURE_AUTORELEASING = YES;
				CLANG_WARN_BOOL_CONVERSION = YES;
				CLANG_WARN_COMMA = YES;
				CLANG_WARN_CONSTANT_CONVERSION = YES;
				CLANG_WARN_DEPRECATED_OBJC_IMPLEMENTATIONS = YES;
				CLANG_WARN_DIRECT_OBJC_ISA_USAGE = YES_ERROR;
				CLANG_WARN_DOCUMENTATION_COMMENTS = YES;
				CLANG_WARN_EMPTY_BODY = YES;
				CLANG_WARN_ENUM_CONVERSION = YES;
				CLANG_WARN_INFINITE_RECURSION = YES;
				CLANG_WARN_INT_CONVERSION = YES;
				CLANG_WARN_NON_LITERAL_NULL_CONVERSION = YES;
				CLANG_WARN_OBJC_IMPLICIT_RETAIN_SELF = YES;
				CLANG_WARN_OBJC_LITERAL_CONVERSION = YES;
				CLANG_WARN_OBJC_ROOT_CLASS = YES_ERROR;
				CLANG_WARN_RANGE_LOOP_ANALYSIS = YES;
				CLANG_WARN_STRICT_PROTOTYPES = YES;
				CLANG_WARN_SUSPICIOUS_MOVE = YES;
				CLANG_WARN_UNGUARDED_AVAILABILITY = YES_AGGRESSIVE;
				CLANG_WARN_UNREACHABLE_CODE = YES;
				CLANG_WARN__DUPLICATE_METHOD_MATCH = YES;
				CODE_SIGN_IDENTITY = "iPhone Developer";
				COPY_PHASE_STRIP = NO;
				DEBUG_INFORMATION_FORMAT = dwarf;
				ENABLE_STRICT_OBJC_MSGSEND = YES;
				ENABLE_TESTABILITY = YES;
				GCC_C_LANGUAGE_STANDARD = gnu11;
				GCC_DYNAMIC_NO_PIC = NO;
				GCC_NO_COMMON_BLOCKS = YES;
				GCC_OPTIMIZATION_LEVEL = 0;
				GCC_PREPROCESSOR_DEFINITIONS = (
					"DEBUG=1",
					"$(inherited)",
				);
				GCC_WARN_64_TO_32_BIT_CONVERSION = YES;
				GCC_WARN_ABOUT_RETURN_TYPE = YES_ERROR;
				GCC_WARN_UNDECLARED_SELECTOR = YES;
				GCC_WARN_UNINITIALIZED_AUTOS = YES_AGGRESSIVE;
				GCC_WARN_UNUSED_FUNCTION = YES;
				GCC_WARN_UNUSED_VARIABLE = YES;
				IPHONEOS_DEPLOYMENT_TARGET = 12.1;
				MTL_ENABLE_DEBUG_INFO = INCLUDE_SOURCE;
				MTL_FAST_MATH = YES;
				ONLY_ACTIVE_ARCH = YES;
				SDKROOT = iphoneos;
			};
			name = Debug;
		};
		585A404E219FE7E600F0B60C /* Release */ = {
			isa = XCBuildConfiguration;
			buildSettings = {
				ALWAYS_SEARCH_USER_PATHS = NO;
				CLANG_ANALYZER_NONNULL = YES;
				CLANG_ANALYZER_NUMBER_OBJECT_CONVERSION = YES_AGGRESSIVE;
				CLANG_CXX_LANGUAGE_STANDARD = "gnu++14";
				CLANG_CXX_LIBRARY = "libc++";
				CLANG_ENABLE_MODULES = YES;
				CLANG_ENABLE_OBJC_ARC = YES;
				CLANG_ENABLE_OBJC_WEAK = YES;
				CLANG_WARN_BLOCK_CAPTURE_AUTORELEASING = YES;
				CLANG_WARN_BOOL_CONVERSION = YES;
				CLANG_WARN_COMMA = YES;
				CLANG_WARN_CONSTANT_CONVERSION = YES;
				CLANG_WARN_DEPRECATED_OBJC_IMPLEMENTATIONS = YES;
				CLANG_WARN_DIRECT_OBJC_ISA_USAGE = YES_ERROR;
				CLANG_WARN_DOCUMENTATION_COMMENTS = YES;
				CLANG_WARN_EMPTY_BODY = YES;
				CLANG_WARN_ENUM_CONVERSION = YES;
				CLANG_WARN_INFINITE_RECURSION = YES;
				CLANG_WARN_INT_CONVERSION = YES;
				CLANG_WARN_NON_LITERAL_NULL_CONVERSION = YES;
				CLANG_WARN_OBJC_IMPLICIT_RETAIN_SELF = YES;
				CLANG_WARN_OBJC_LITERAL_CONVERSION = YES;
				CLANG_WARN_OBJC_ROOT_CLASS = YES_ERROR;
				CLANG_WARN_RANGE_LOOP_ANALYSIS = YES;
				CLANG_WARN_STRICT_PROTOTYPES = YES;
				CLANG_WARN_SUSPICIOUS_MOVE = YES;
				CLANG_WARN_UNGUARDED_AVAILABILITY = YES_AGGRESSIVE;
				CLANG_WARN_UNREACHABLE_CODE = YES;
				CLANG_WARN__DUPLICATE_METHOD_MATCH = YES;
				CODE_SIGN_IDENTITY = "iPhone Developer";
				COPY_PHASE_STRIP = NO;
				DEBUG_INFORMATION_FORMAT = "dwarf-with-dsym";
				ENABLE_NS_ASSERTIONS = NO;
				ENABLE_STRICT_OBJC_MSGSEND = YES;
				GCC_C_LANGUAGE_STANDARD = gnu11;
				GCC_NO_COMMON_BLOCKS = YES;
				GCC_WARN_64_TO_32_BIT_CONVERSION = YES;
				GCC_WARN_ABOUT_RETURN_TYPE = YES_ERROR;
				GCC_WARN_UNDECLARED_SELECTOR = YES;
				GCC_WARN_UNINITIALIZED_AUTOS = YES_AGGRESSIVE;
				GCC_WARN_UNUSED_FUNCTION = YES;
				GCC_WARN_UNUSED_VARIABLE = YES;
				IPHONEOS_DEPLOYMENT_TARGET = 12.1;
				MTL_ENABLE_DEBUG_INFO = NO;
				MTL_FAST_MATH = YES;
				SDKROOT = iphoneos;
				VALIDATE_PRODUCT = YES;
			};
			name = Release;
		};
		585A4050219FE7E600F0B60C /* Debug */ = {
			isa = XCBuildConfiguration;
			buildSettings = {
				ASSETCATALOG_COMPILER_APPICON_NAME = AppIcon;
				CODE_SIGN_STYLE = Automatic;
				DEVELOPMENT_TEAM = 2484Z5XMVT;
				INFOPLIST_FILE = SZCoordinatorDemo/Info.plist;
				LD_RUNPATH_SEARCH_PATHS = (
					"$(inherited)",
					"@executable_path/Frameworks",
				);
				PRODUCT_BUNDLE_IDENTIFIER = com.songzhou.SZCoordinatorDemo;
				PRODUCT_NAME = "$(TARGET_NAME)";
				TARGETED_DEVICE_FAMILY = "1,2";
			};
			name = Debug;
		};
		585A4051219FE7E600F0B60C /* Release */ = {
			isa = XCBuildConfiguration;
			buildSettings = {
				ASSETCATALOG_COMPILER_APPICON_NAME = AppIcon;
				CODE_SIGN_STYLE = Automatic;
				DEVELOPMENT_TEAM = 2484Z5XMVT;
				INFOPLIST_FILE = SZCoordinatorDemo/Info.plist;
				LD_RUNPATH_SEARCH_PATHS = (
					"$(inherited)",
					"@executable_path/Frameworks",
				);
				PRODUCT_BUNDLE_IDENTIFIER = com.songzhou.SZCoordinatorDemo;
				PRODUCT_NAME = "$(TARGET_NAME)";
				TARGETED_DEVICE_FAMILY = "1,2";
			};
			name = Release;
		};
/* End XCBuildConfiguration section */

/* Begin XCConfigurationList section */
		585A4034219FE7E500F0B60C /* Build configuration list for PBXProject "SZCoordinatorDemo" */ = {
			isa = XCConfigurationList;
			buildConfigurations = (
				585A404D219FE7E600F0B60C /* Debug */,
				585A404E219FE7E600F0B60C /* Release */,
			);
			defaultConfigurationIsVisible = 0;
			defaultConfigurationName = Release;
		};
		585A404F219FE7E600F0B60C /* Build configuration list for PBXNativeTarget "SZCoordinatorDemo" */ = {
			isa = XCConfigurationList;
			buildConfigurations = (
				585A4050219FE7E600F0B60C /* Debug */,
				585A4051219FE7E600F0B60C /* Release */,
			);
			defaultConfigurationIsVisible = 0;
			defaultConfigurationName = Release;
		};
/* End XCConfigurationList section */
	};
	rootObject = 585A4031219FE7E500F0B60C /* Project object */;
}
